
Microsoft Visual Studio Solution File, Format Version 12.00
# Visual Studio Version 17
VisualStudioVersion = 17.9.34607.119
MinimumVisualStudioVersion = 10.0.40219.1
Project("{FAE04EC0-301F-11D3-BF4B-00C04F79EFBC}") = "WebApplication5", "WebApplication5\WebApplication5.csproj", "{FC71C264-2D1B-4417-8743-D7D485F24D4F}"
EndProject
Global
	GlobalSection(SolutionConfigurationPlatforms) = preSolution
		Debug|Any CPU = Debug|Any CPU
		Release|Any CPU = Release|Any CPU
	EndGlobalSection
	GlobalSection(ProjectConfigurationPlatforms) = postSolution
		{FC71C264-2D1B-4417-8743-D7D485F24D4F}.Debug|Any CPU.ActiveCfg = Debug|Any CPU
		{FC71C264-2D1B-4417-8743-D7D485F24D4F}.Debug|Any CPU.Build.0 = Debug|Any CPU
		{FC71C264-2D1B-4417-8743-D7D485F24D4F}.Release|Any CPU.ActiveCfg = Release|Any CPU
		{FC71C264-2D1B-4417-8743-D7D485F24D4F}.Release|Any CPU.Build.0 = Release|Any CPU
	EndGlobalSection
	GlobalSection(SolutionProperties) = preSolution
		HideSolutionNode = FALSE
	EndGlobalSection
	GlobalSection(ExtensibilityGlobals) = postSolution
		SolutionGuid = {14B15C89-EF59-4867-84BE-B9524577EBDB}
	EndGlobalSection
EndGlobal
